
Microsoft Visual Studio Solution File, Format Version 11.00
# Visual Studio 2010
# SharpDevelop 5.1
Project("{FAE04EC0-301F-11D3-BF4B-00C04F79EFBC}") = "Sistema-Gestion-Bancaria", "Sistema-Gestion-Bancaria.csproj", "{BA89C291-BC5A-4FBF-A71E-6283F87C4FEE}"
EndProject
Global
	GlobalSection(SolutionConfigurationPlatforms) = preSolution
		Debug|Any CPU = Debug|Any CPU
		Release|Any CPU = Release|Any CPU
	EndGlobalSection
	GlobalSection(ProjectConfigurationPlatforms) = postSolution
		{BA89C291-BC5A-4FBF-A71E-6283F87C4FEE}.Debug|Any CPU.ActiveCfg = Debug|Any CPU
		{BA89C291-BC5A-4FBF-A71E-6283F87C4FEE}.Debug|Any CPU.Build.0 = Debug|Any CPU
		{BA89C291-BC5A-4FBF-A71E-6283F87C4FEE}.Release|Any CPU.ActiveCfg = Release|Any CPU
		{BA89C291-BC5A-4FBF-A71E-6283F87C4FEE}.Release|Any CPU.Build.0 = Release|Any CPU
	EndGlobalSection
EndGlobal
